
Microsoft Visual Studio Solution File, Format Version 12.00
# Visual Studio Version 17
VisualStudioVersion = 17.6.33815.320
MinimumVisualStudioVersion = 10.0.40219.1
Project("{9A19103F-16F7-4668-BE54-9A1E7A4F7556}") = "kookie", "kookie\kookie.csproj", "{384278B4-FF69-43C2-947B-F76FAA91FFBD}"
EndProject
Project("{9A19103F-16F7-4668-BE54-9A1E7A4F7556}") = "oop", "oop\oop.csproj", "{6E93C3A9-DA87-4292-9409-FED2E8052330}"
EndProject
Project("{9A19103F-16F7-4668-BE54-9A1E7A4F7556}") = "hi", "tostring\hi.csproj", "{EC03666A-B04A-4152-9B5D-CC38063A21C4}"
EndProject
Project("{9A19103F-16F7-4668-BE54-9A1E7A4F7556}") = "leet", "leet\leet.csproj", "{66078147-B453-4C4D-9C42-5869DF1CB6B9}"
EndProject
Project("{9A19103F-16F7-4668-BE54-9A1E7A4F7556}") = "leet2", "leet2\leet2.csproj", "{30EFE927-4132-4DB3-ABDC-456A13C35A9E}"
EndProject
Global
	GlobalSection(SolutionConfigurationPlatforms) = preSolution
		Debug|Any CPU = Debug|Any CPU
		Release|Any CPU = Release|Any CPU
	EndGlobalSection
	GlobalSection(ProjectConfigurationPlatforms) = postSolution
		{384278B4-FF69-43C2-947B-F76FAA91FFBD}.Debug|Any CPU.ActiveCfg = Debug|Any CPU
		{384278B4-FF69-43C2-947B-F76FAA91FFBD}.Debug|Any CPU.Build.0 = Debug|Any CPU
		{384278B4-FF69-43C2-947B-F76FAA91FFBD}.Release|Any CPU.ActiveCfg = Release|Any CPU
		{384278B4-FF69-43C2-947B-F76FAA91FFBD}.Release|Any CPU.Build.0 = Release|Any CPU
		{6E93C3A9-DA87-4292-9409-FED2E8052330}.Debug|Any CPU.ActiveCfg = Debug|Any CPU
		{6E93C3A9-DA87-4292-9409-FED2E8052330}.Debug|Any CPU.Build.0 = Debug|Any CPU
		{6E93C3A9-DA87-4292-9409-FED2E8052330}.Release|Any CPU.ActiveCfg = Release|Any CPU
		{6E93C3A9-DA87-4292-9409-FED2E8052330}.Release|Any CPU.Build.0 = Release|Any CPU
		{EC03666A-B04A-4152-9B5D-CC38063A21C4}.Debug|Any CPU.ActiveCfg = Debug|Any CPU
		{EC03666A-B04A-4152-9B5D-CC38063A21C4}.Debug|Any CPU.Build.0 = Debug|Any CPU
		{EC03666A-B04A-4152-9B5D-CC38063A21C4}.Release|Any CPU.ActiveCfg = Release|Any CPU
		{EC03666A-B04A-4152-9B5D-CC38063A21C4}.Release|Any CPU.Build.0 = Release|Any CPU
		{66078147-B453-4C4D-9C42-5869DF1CB6B9}.Debug|Any CPU.ActiveCfg = Debug|Any CPU
		{66078147-B453-4C4D-9C42-5869DF1CB6B9}.Debug|Any CPU.Build.0 = Debug|Any CPU
		{66078147-B453-4C4D-9C42-5869DF1CB6B9}.Release|Any CPU.ActiveCfg = Release|Any CPU
		{66078147-B453-4C4D-9C42-5869DF1CB6B9}.Release|Any CPU.Build.0 = Release|Any CPU
		{30EFE927-4132-4DB3-ABDC-456A13C35A9E}.Debug|Any CPU.ActiveCfg = Debug|Any CPU
		{30EFE927-4132-4DB3-ABDC-456A13C35A9E}.Debug|Any CPU.Build.0 = Debug|Any CPU
		{30EFE927-4132-4DB3-ABDC-456A13C35A9E}.Release|Any CPU.ActiveCfg = Release|Any CPU
		{30EFE927-4132-4DB3-ABDC-456A13C35A9E}.Release|Any CPU.Build.0 = Release|Any CPU
	EndGlobalSection
	GlobalSection(SolutionProperties) = preSolution
		HideSolutionNode = FALSE
	EndGlobalSection
	GlobalSection(ExtensibilityGlobals) = postSolution
		SolutionGuid = {C4BB1028-62F3-4EE2-A7FD-4207D1253EF4}
	EndGlobalSection
EndGlobal
